
Microsoft Visual Studio Solution File, Format Version 12.00
# Visual Studio Version 17
VisualStudioVersion = 17.1.32328.378
MinimumVisualStudioVersion = 10.0.40219.1
Project("{FAE04EC0-301F-11D3-BF4B-00C04F79EFBC}") = "SerilogTest", "SerilogTest\SerilogTest.csproj", "{BA5DE46C-0E77-4443-B19F-CDC882A90383}"
EndProject
Global
	GlobalSection(SolutionConfigurationPlatforms) = preSolution
		Debug|Any CPU = Debug|Any CPU
		Release|Any CPU = Release|Any CPU
	EndGlobalSection
	GlobalSection(ProjectConfigurationPlatforms) = postSolution
		{BA5DE46C-0E77-4443-B19F-CDC882A90383}.Debug|Any CPU.ActiveCfg = Debug|Any CPU
		{BA5DE46C-0E77-4443-B19F-CDC882A90383}.Debug|Any CPU.Build.0 = Debug|Any CPU
		{BA5DE46C-0E77-4443-B19F-CDC882A90383}.Release|Any CPU.ActiveCfg = Release|Any CPU
		{BA5DE46C-0E77-4443-B19F-CDC882A90383}.Release|Any CPU.Build.0 = Release|Any CPU
	EndGlobalSection
	GlobalSection(SolutionProperties) = preSolution
		HideSolutionNode = FALSE
	EndGlobalSection
	GlobalSection(ExtensibilityGlobals) = postSolution
		SolutionGuid = {4736F553-9838-43A5-9541-4846487BC5B2}
	EndGlobalSection
EndGlobal
